
Microsoft Visual Studio Solution File, Format Version 12.00
# Visual Studio 15
VisualStudioVersion = 15.0.27703.2000
MinimumVisualStudioVersion = 10.0.40219.1
Project("{9A19103F-16F7-4668-BE54-9A1E7A4F7556}") = "DynatraceUnbreakablePipelineFunction", "DynatraceUnbreakablePipelineFunction\DynatraceUnbreakablePipelineFunction.csproj", "{F4015525-E890-4FFB-87DF-11196A2CF0A8}"
EndProject
Project("{9A19103F-16F7-4668-BE54-9A1E7A4F7556}") = "DynatraceSelfHealingFunction", "DynatraceSelfHealingFunction\DynatraceSelfHealingFunction.csproj", "{A05B0AB1-A80F-44B7-8962-05C084BE9AC9}"
EndProject
Global
	GlobalSection(SolutionConfigurationPlatforms) = preSolution
		Debug|Any CPU = Debug|Any CPU
		Release|Any CPU = Release|Any CPU
	EndGlobalSection
	GlobalSection(ProjectConfigurationPlatforms) = postSolution
		{F4015525-E890-4FFB-87DF-11196A2CF0A8}.Debug|Any CPU.ActiveCfg = Debug|Any CPU
		{F4015525-E890-4FFB-87DF-11196A2CF0A8}.Debug|Any CPU.Build.0 = Debug|Any CPU
		{F4015525-E890-4FFB-87DF-11196A2CF0A8}.Release|Any CPU.ActiveCfg = Release|Any CPU
		{F4015525-E890-4FFB-87DF-11196A2CF0A8}.Release|Any CPU.Build.0 = Release|Any CPU
		{A05B0AB1-A80F-44B7-8962-05C084BE9AC9}.Debug|Any CPU.ActiveCfg = Debug|Any CPU
		{A05B0AB1-A80F-44B7-8962-05C084BE9AC9}.Debug|Any CPU.Build.0 = Debug|Any CPU
		{A05B0AB1-A80F-44B7-8962-05C084BE9AC9}.Release|Any CPU.ActiveCfg = Release|Any CPU
		{A05B0AB1-A80F-44B7-8962-05C084BE9AC9}.Release|Any CPU.Build.0 = Release|Any CPU
	EndGlobalSection
	GlobalSection(SolutionProperties) = preSolution
		HideSolutionNode = FALSE
	EndGlobalSection
	GlobalSection(ExtensibilityGlobals) = postSolution
		SolutionGuid = {E8494F3A-022F-4A68-B807-8E000019F2D5}
	EndGlobalSection
EndGlobal
